
Microsoft Visual Studio Solution File, Format Version 12.00
# Visual Studio 15
VisualStudioVersion = 15.0.27130.2010
MinimumVisualStudioVersion = 10.0.40219.1
Project("{FAE04EC0-301F-11D3-BF4B-00C04F79EFBC}") = "App5.Android", "App5\App5.Android\App5.Android.csproj", "{46964073-0E61-488A-9AEE-97447BA958D3}"
EndProject
Project("{FAE04EC0-301F-11D3-BF4B-00C04F79EFBC}") = "App5.iOS", "App5\App5.iOS\App5.iOS.csproj", "{B5466FFF-3464-40EF-AAD1-073A55A9499D}"
EndProject
Project("{FAE04EC0-301F-11D3-BF4B-00C04F79EFBC}") = "App5.UWP", "App5\App5.UWP\App5.UWP.csproj", "{3C1FBFA4-DAAA-4675-ACD6-A2873188AE6A}"
EndProject
Project("{FAE04EC0-301F-11D3-BF4B-00C04F79EFBC}") = "App5", "App5\App5\App5.csproj", "{59D5FCE0-40ED-4D95-8147-842EA9C377E3}"
EndProject
Global
	GlobalSection(SolutionConfigurationPlatforms) = preSolution
		Ad-Hoc|Any CPU = Ad-Hoc|Any CPU
		Ad-Hoc|ARM = Ad-Hoc|ARM
		Ad-Hoc|iPhone = Ad-Hoc|iPhone
		Ad-Hoc|iPhoneSimulator = Ad-Hoc|iPhoneSimulator
		Ad-Hoc|x64 = Ad-Hoc|x64
		Ad-Hoc|x86 = Ad-Hoc|x86
		AppStore|Any CPU = AppStore|Any CPU
		AppStore|ARM = AppStore|ARM
		AppStore|iPhone = AppStore|iPhone
		AppStore|iPhoneSimulator = AppStore|iPhoneSimulator
		AppStore|x64 = AppStore|x64
		AppStore|x86 = AppStore|x86
		Debug|Any CPU = Debug|Any CPU
		Debug|ARM = Debug|ARM
		Debug|iPhone = Debug|iPhone
		Debug|iPhoneSimulator = Debug|iPhoneSimulator
		Debug|x64 = Debug|x64
		Debug|x86 = Debug|x86
		Release|Any CPU = Release|Any CPU
		Release|ARM = Release|ARM
		Release|iPhone = Release|iPhone
		Release|iPhoneSimulator = Release|iPhoneSimulator
		Release|x64 = Release|x64
		Release|x86 = Release|x86
	EndGlobalSection
	GlobalSection(ProjectConfigurationPlatforms) = postSolution
		{46964073-0E61-488A-9AEE-97447BA958D3}.Ad-Hoc|Any CPU.ActiveCfg = Release|Any CPU
		{46964073-0E61-488A-9AEE-97447BA958D3}.Ad-Hoc|Any CPU.Build.0 = Release|Any CPU
		{46964073-0E61-488A-9AEE-97447BA958D3}.Ad-Hoc|Any CPU.Deploy.0 = Release|Any CPU
		{46964073-0E61-488A-9AEE-97447BA958D3}.Ad-Hoc|ARM.ActiveCfg = Release|Any CPU
		{46964073-0E61-488A-9AEE-97447BA958D3}.Ad-Hoc|ARM.Build.0 = Release|Any CPU
		{46964073-0E61-488A-9AEE-97447BA958D3}.Ad-Hoc|ARM.Deploy.0 = Release|Any CPU
		{46964073-0E61-488A-9AEE-97447BA958D3}.Ad-Hoc|iPhone.ActiveCfg = Release|Any CPU
		{46964073-0E61-488A-9AEE-97447BA958D3}.Ad-Hoc|iPhone.Build.0 = Release|Any CPU
		{46964073-0E61-488A-9AEE-97447BA958D3}.Ad-Hoc|iPhone.Deploy.0 = Release|Any CPU
		{46964073-0E61-488A-9AEE-97447BA958D3}.Ad-Hoc|iPhoneSimulator.ActiveCfg = Release|Any CPU
		{46964073-0E61-488A-9AEE-97447BA958D3}.Ad-Hoc|iPhoneSimulator.Build.0 = Release|Any CPU
		{46964073-0E61-488A-9AEE-97447BA958D3}.Ad-Hoc|iPhoneSimulator.Deploy.0 = Release|Any CPU
		{46964073-0E61-488A-9AEE-97447BA958D3}.Ad-Hoc|x64.ActiveCfg = Release|Any CPU
		{46964073-0E61-488A-9AEE-97447BA958D3}.Ad-Hoc|x64.Build.0 = Release|Any CPU
		{46964073-0E61-488A-9AEE-97447BA958D3}.Ad-Hoc|x64.Deploy.0 = Release|Any CPU
		{46964073-0E61-488A-9AEE-97447BA958D3}.Ad-Hoc|x86.ActiveCfg = Release|Any CPU
		{46964073-0E61-488A-9AEE-97447BA958D3}.Ad-Hoc|x86.Build.0 = Release|Any CPU
		{46964073-0E61-488A-9AEE-97447BA958D3}.Ad-Hoc|x86.Deploy.0 = Release|Any CPU
		{46964073-0E61-488A-9AEE-97447BA958D3}.AppStore|Any CPU.ActiveCfg = Release|Any CPU
		{46964073-0E61-488A-9AEE-97447BA958D3}.AppStore|Any CPU.Build.0 = Release|Any CPU
		{46964073-0E61-488A-9AEE-97447BA958D3}.AppStore|Any CPU.Deploy.0 = Release|Any CPU
		{46964073-0E61-488A-9AEE-97447BA958D3}.AppStore|ARM.ActiveCfg = Release|Any CPU
		{46964073-0E61-488A-9AEE-97447BA958D3}.AppStore|ARM.Build.0 = Release|Any CPU
		{46964073-0E61-488A-9AEE-97447BA958D3}.AppStore|ARM.Deploy.0 = Release|Any CPU
		{46964073-0E61-488A-9AEE-97447BA958D3}.AppStore|iPhone.ActiveCfg = Release|Any CPU
		{46964073-0E61-488A-9AEE-97447BA958D3}.AppStore|iPhone.Build.0 = Release|Any CPU
		{46964073-0E61-488A-9AEE-97447BA958D3}.AppStore|iPhone.Deploy.0 = Release|Any CPU
		{46964073-0E61-488A-9AEE-97447BA958D3}.AppStore|iPhoneSimulator.ActiveCfg = Release|Any CPU
		{46964073-0E61-488A-9AEE-97447BA958D3}.AppStore|iPhoneSimulator.Build.0 = Release|Any CPU
		{46964073-0E61-488A-9AEE-97447BA958D3}.AppStore|iPhoneSimulator.Deploy.0 = Release|Any CPU
		{46964073-0E61-488A-9AEE-97447BA958D3}.AppStore|x64.ActiveCfg = Release|Any CPU
		{46964073-0E61-488A-9AEE-97447BA958D3}.AppStore|x64.Build.0 = Release|Any CPU
		{46964073-0E61-488A-9AEE-97447BA958D3}.AppStore|x64.Deploy.0 = Release|Any CPU
		{46964073-0E61-488A-9AEE-97447BA958D3}.AppStore|x86.ActiveCfg = Release|Any CPU
		{46964073-0E61-488A-9AEE-97447BA958D3}.AppStore|x86.Build.0 = Release|Any CPU
		{46964073-0E61-488A-9AEE-97447BA958D3}.AppStore|x86.Deploy.0 = Release|Any CPU
		{46964073-0E61-488A-9AEE-97447BA958D3}.Debug|Any CPU.ActiveCfg = Debug|Any CPU
		{46964073-0E61-488A-9AEE-97447BA958D3}.Debug|Any CPU.Build.0 = Debug|Any CPU
		{46964073-0E61-488A-9AEE-97447BA958D3}.Debug|Any CPU.Deploy.0 = Debug|Any CPU
		{46964073-0E61-488A-9AEE-97447BA958D3}.Debug|ARM.ActiveCfg = Debug|Any CPU
		{46964073-0E61-488A-9AEE-97447BA958D3}.Debug|ARM.Build.0 = Debug|Any CPU
		{46964073-0E61-488A-9AEE-97447BA958D3}.Debug|ARM.Deploy.0 = Debug|Any CPU
		{46964073-0E61-488A-9AEE-97447BA958D3}.Debug|iPhone.ActiveCfg = Debug|Any CPU
		{46964073-0E61-488A-9AEE-97447BA958D3}.Debug|iPhone.Build.0 = Debug|Any CPU
		{46964073-0E61-488A-9AEE-97447BA958D3}.Debug|iPhone.Deploy.0 = Debug|Any CPU
		{46964073-0E61-488A-9AEE-97447BA958D3}.Debug|iPhoneSimulator.ActiveCfg = Debug|Any CPU
		{46964073-0E61-488A-9AEE-97447BA958D3}.Debug|iPhoneSimulator.Build.0 = Debug|Any CPU
		{46964073-0E61-488A-9AEE-97447BA958D3}.Debug|iPhoneSimulator.Deploy.0 = Debug|Any CPU
		{46964073-0E61-488A-9AEE-97447BA958D3}.Debug|x64.ActiveCfg = Debug|Any CPU
		{46964073-0E61-488A-9AEE-97447BA958D3}.Debug|x64.Build.0 = Debug|Any CPU
		{46964073-0E61-488A-9AEE-97447BA958D3}.Debug|x64.Deploy.0 = Debug|Any CPU
		{46964073-0E61-488A-9AEE-97447BA958D3}.Debug|x86.ActiveCfg = Debug|Any CPU
		{46964073-0E61-488A-9AEE-97447BA958D3}.Debug|x86.Build.0 = Debug|Any CPU
		{46964073-0E61-488A-9AEE-97447BA958D3}.Debug|x86.Deploy.0 = Debug|Any CPU
		{46964073-0E61-488A-9AEE-97447BA958D3}.Release|Any CPU.ActiveCfg = Release|Any CPU
		{46964073-0E61-488A-9AEE-97447BA958D3}.Release|Any CPU.Build.0 = Release|Any CPU
		{46964073-0E61-488A-9AEE-97447BA958D3}.Release|Any CPU.Deploy.0 = Release|Any CPU
		{46964073-0E61-488A-9AEE-97447BA958D3}.Release|ARM.ActiveCfg = Release|Any CPU
		{46964073-0E61-488A-9AEE-97447BA958D3}.Release|ARM.Build.0 = Release|Any CPU
		{46964073-0E61-488A-9AEE-97447BA958D3}.Release|ARM.Deploy.0 = Release|Any CPU
		{46964073-0E61-488A-9AEE-97447BA958D3}.Release|iPhone.ActiveCfg = Release|Any CPU
		{46964073-0E61-488A-9AEE-97447BA958D3}.Release|iPhone.Build.0 = Release|Any CPU
		{46964073-0E61-488A-9AEE-97447BA958D3}.Release|iPhone.Deploy.0 = Release|Any CPU
		{46964073-0E61-488A-9AEE-97447BA958D3}.Release|iPhoneSimulator.ActiveCfg = Release|Any CPU
		{46964073-0E61-488A-9AEE-97447BA958D3}.Release|iPhoneSimulator.Build.0 = Release|Any CPU
		{46964073-0E61-488A-9AEE-97447BA958D3}.Release|iPhoneSimulator.Deploy.0 = Release|Any CPU
		{46964073-0E61-488A-9AEE-97447BA958D3}.Release|x64.ActiveCfg = Release|Any CPU
		{46964073-0E61-488A-9AEE-97447BA958D3}.Release|x64.Build.0 = Release|Any CPU
		{46964073-0E61-488A-9AEE-97447BA958D3}.Release|x64.Deploy.0 = Release|Any CPU
		{46964073-0E61-488A-9AEE-97447BA958D3}.Release|x86.ActiveCfg = Release|Any CPU
		{46964073-0E61-488A-9AEE-97447BA958D3}.Release|x86.Build.0 = Release|Any CPU
		{46964073-0E61-488A-9AEE-97447BA958D3}.Release|x86.Deploy.0 = Release|Any CPU
		{B5466FFF-3464-40EF-AAD1-073A55A9499D}.Ad-Hoc|Any CPU.ActiveCfg = Ad-Hoc|iPhone
		{B5466FFF-3464-40EF-AAD1-073A55A9499D}.Ad-Hoc|ARM.ActiveCfg = Ad-Hoc|iPhone
		{B5466FFF-3464-40EF-AAD1-073A55A9499D}.Ad-Hoc|iPhone.ActiveCfg = Ad-Hoc|iPhone
		{B5466FFF-3464-40EF-AAD1-073A55A9499D}.Ad-Hoc|iPhone.Build.0 = Ad-Hoc|iPhone
		{B5466FFF-3464-40EF-AAD1-073A55A9499D}.Ad-Hoc|iPhoneSimulator.ActiveCfg = Ad-Hoc|iPhoneSimulator
		{B5466FFF-3464-40EF-AAD1-073A55A9499D}.Ad-Hoc|iPhoneSimulator.Build.0 = Ad-Hoc|iPhoneSimulator
		{B5466FFF-3464-40EF-AAD1-073A55A9499D}.Ad-Hoc|x64.ActiveCfg = Ad-Hoc|iPhone
		{B5466FFF-3464-40EF-AAD1-073A55A9499D}.Ad-Hoc|x86.ActiveCfg = Ad-Hoc|iPhone
		{B5466FFF-3464-40EF-AAD1-073A55A9499D}.AppStore|Any CPU.ActiveCfg = AppStore|iPhone
		{B5466FFF-3464-40EF-AAD1-073A55A9499D}.AppStore|ARM.ActiveCfg = AppStore|iPhone
		{B5466FFF-3464-40EF-AAD1-073A55A9499D}.AppStore|iPhone.ActiveCfg = AppStore|iPhone
		{B5466FFF-3464-40EF-AAD1-073A55A9499D}.AppStore|iPhone.Build.0 = AppStore|iPhone
		{B5466FFF-3464-40EF-AAD1-073A55A9499D}.AppStore|iPhoneSimulator.ActiveCfg = AppStore|iPhoneSimulator
		{B5466FFF-3464-40EF-AAD1-073A55A9499D}.AppStore|iPhoneSimulator.Build.0 = AppStore|iPhoneSimulator
		{B5466FFF-3464-40EF-AAD1-073A55A9499D}.AppStore|x64.ActiveCfg = AppStore|iPhone
		{B5466FFF-3464-40EF-AAD1-073A55A9499D}.AppStore|x86.ActiveCfg = AppStore|iPhone
		{B5466FFF-3464-40EF-AAD1-073A55A9499D}.Debug|Any CPU.ActiveCfg = Debug|iPhone
		{B5466FFF-3464-40EF-AAD1-073A55A9499D}.Debug|ARM.ActiveCfg = Debug|iPhone
		{B5466FFF-3464-40EF-AAD1-073A55A9499D}.Debug|iPhone.ActiveCfg = Debug|iPhone
		{B5466FFF-3464-40EF-AAD1-073A55A9499D}.Debug|iPhone.Build.0 = Debug|iPhone
		{B5466FFF-3464-40EF-AAD1-073A55A9499D}.Debug|iPhoneSimulator.ActiveCfg = Debug|iPhoneSimulator
		{B5466FFF-3464-40EF-AAD1-073A55A9499D}.Debug|iPhoneSimulator.Build.0 = Debug|iPhoneSimulator
		{B5466FFF-3464-40EF-AAD1-073A55A9499D}.Debug|x64.ActiveCfg = Debug|iPhone
		{B5466FFF-3464-40EF-AAD1-073A55A9499D}.Debug|x86.ActiveCfg = Debug|iPhone
		{B5466FFF-3464-40EF-AAD1-073A55A9499D}.Release|Any CPU.ActiveCfg = Release|iPhone
		{B5466FFF-3464-40EF-AAD1-073A55A9499D}.Release|ARM.ActiveCfg = Release|iPhone
		{B5466FFF-3464-40EF-AAD1-073A55A9499D}.Release|iPhone.ActiveCfg = Release|iPhone
		{B5466FFF-3464-40EF-AAD1-073A55A9499D}.Release|iPhone.Build.0 = Release|iPhone
		{B5466FFF-3464-40EF-AAD1-073A55A9499D}.Release|iPhoneSimulator.ActiveCfg = Release|iPhoneSimulator
		{B5466FFF-3464-40EF-AAD1-073A55A9499D}.Release|iPhoneSimulator.Build.0 = Release|iPhoneSimulator
		{B5466FFF-3464-40EF-AAD1-073A55A9499D}.Release|x64.ActiveCfg = Release|iPhone
		{B5466FFF-3464-40EF-AAD1-073A55A9499D}.Release|x86.ActiveCfg = Release|iPhone
		{3C1FBFA4-DAAA-4675-ACD6-A2873188AE6A}.Ad-Hoc|Any CPU.ActiveCfg = Release|x86
		{3C1FBFA4-DAAA-4675-ACD6-A2873188AE6A}.Ad-Hoc|Any CPU.Build.0 = Release|x86
		{3C1FBFA4-DAAA-4675-ACD6-A2873188AE6A}.Ad-Hoc|Any CPU.Deploy.0 = Release|x86
		{3C1FBFA4-DAAA-4675-ACD6-A2873188AE6A}.Ad-Hoc|ARM.ActiveCfg = Release|ARM
		{3C1FBFA4-DAAA-4675-ACD6-A2873188AE6A}.Ad-Hoc|ARM.Build.0 = Release|ARM
		{3C1FBFA4-DAAA-4675-ACD6-A2873188AE6A}.Ad-Hoc|ARM.Deploy.0 = Release|ARM
		{3C1FBFA4-DAAA-4675-ACD6-A2873188AE6A}.Ad-Hoc|iPhone.ActiveCfg = Release|x86
		{3C1FBFA4-DAAA-4675-ACD6-A2873188AE6A}.Ad-Hoc|iPhone.Build.0 = Release|x86
		{3C1FBFA4-DAAA-4675-ACD6-A2873188AE6A}.Ad-Hoc|iPhone.Deploy.0 = Release|x86
		{3C1FBFA4-DAAA-4675-ACD6-A2873188AE6A}.Ad-Hoc|iPhoneSimulator.ActiveCfg = Release|x86
		{3C1FBFA4-DAAA-4675-ACD6-A2873188AE6A}.Ad-Hoc|iPhoneSimulator.Build.0 = Release|x86
		{3C1FBFA4-DAAA-4675-ACD6-A2873188AE6A}.Ad-Hoc|iPhoneSimulator.Deploy.0 = Release|x86
		{3C1FBFA4-DAAA-4675-ACD6-A2873188AE6A}.Ad-Hoc|x64.ActiveCfg = Release|x64
		{3C1FBFA4-DAAA-4675-ACD6-A2873188AE6A}.Ad-Hoc|x64.Build.0 = Release|x64
		{3C1FBFA4-DAAA-4675-ACD6-A2873188AE6A}.Ad-Hoc|x64.Deploy.0 = Release|x64
		{3C1FBFA4-DAAA-4675-ACD6-A2873188AE6A}.Ad-Hoc|x86.ActiveCfg = Release|x86
		{3C1FBFA4-DAAA-4675-ACD6-A2873188AE6A}.Ad-Hoc|x86.Build.0 = Release|x86
		{3C1FBFA4-DAAA-4675-ACD6-A2873188AE6A}.Ad-Hoc|x86.Deploy.0 = Release|x86
		{3C1FBFA4-DAAA-4675-ACD6-A2873188AE6A}.AppStore|Any CPU.ActiveCfg = Release|x86
		{3C1FBFA4-DAAA-4675-ACD6-A2873188AE6A}.AppStore|Any CPU.Build.0 = Release|x86
		{3C1FBFA4-DAAA-4675-ACD6-A2873188AE6A}.AppStore|Any CPU.Deploy.0 = Release|x86
		{3C1FBFA4-DAAA-4675-ACD6-A2873188AE6A}.AppStore|ARM.ActiveCfg = Release|ARM
		{3C1FBFA4-DAAA-4675-ACD6-A2873188AE6A}.AppStore|ARM.Build.0 = Release|ARM
		{3C1FBFA4-DAAA-4675-ACD6-A2873188AE6A}.AppStore|ARM.Deploy.0 = Release|ARM
		{3C1FBFA4-DAAA-4675-ACD6-A2873188AE6A}.AppStore|iPhone.ActiveCfg = Release|x86
		{3C1FBFA4-DAAA-4675-ACD6-A2873188AE6A}.AppStore|iPhone.Build.0 = Release|x86
		{3C1FBFA4-DAAA-4675-ACD6-A2873188AE6A}.AppStore|iPhone.Deploy.0 = Release|x86
		{3C1FBFA4-DAAA-4675-ACD6-A2873188AE6A}.AppStore|iPhoneSimulator.ActiveCfg = Release|x86
		{3C1FBFA4-DAAA-4675-ACD6-A2873188AE6A}.AppStore|iPhoneSimulator.Build.0 = Release|x86
		{3C1FBFA4-DAAA-4675-ACD6-A2873188AE6A}.AppStore|iPhoneSimulator.Deploy.0 = Release|x86
		{3C1FBFA4-DAAA-4675-ACD6-A2873188AE6A}.AppStore|x64.ActiveCfg = Release|x64
		{3C1FBFA4-DAAA-4675-ACD6-A2873188AE6A}.AppStore|x64.Build.0 = Release|x64
		{3C1FBFA4-DAAA-4675-ACD6-A2873188AE6A}.AppStore|x64.Deploy.0 = Release|x64
		{3C1FBFA4-DAAA-4675-ACD6-A2873188AE6A}.AppStore|x86.ActiveCfg = Release|x86
		{3C1FBFA4-DAAA-4675-ACD6-A2873188AE6A}.AppStore|x86.Build.0 = Release|x86
		{3C1FBFA4-DAAA-4675-ACD6-A2873188AE6A}.AppStore|x86.Deploy.0 = Release|x86
		{3C1FBFA4-DAAA-4675-ACD6-A2873188AE6A}.Debug|Any CPU.ActiveCfg = Debug|x86
		{3C1FBFA4-DAAA-4675-ACD6-A2873188AE6A}.Debug|ARM.ActiveCfg = Debug|ARM
		{3C1FBFA4-DAAA-4675-ACD6-A2873188AE6A}.Debug|ARM.Build.0 = Debug|ARM
		{3C1FBFA4-DAAA-4675-ACD6-A2873188AE6A}.Debug|ARM.Deploy.0 = Debug|ARM
		{3C1FBFA4-DAAA-4675-ACD6-A2873188AE6A}.Debug|iPhone.ActiveCfg = Debug|x86
		{3C1FBFA4-DAAA-4675-ACD6-A2873188AE6A}.Debug|iPhoneSimulator.ActiveCfg = Debug|x86
		{3C1FBFA4-DAAA-4675-ACD6-A2873188AE6A}.Debug|x64.ActiveCfg = Debug|x64
		{3C1FBFA4-DAAA-4675-ACD6-A2873188AE6A}.Debug|x64.Build.0 = Debug|x64
		{3C1FBFA4-DAAA-4675-ACD6-A2873188AE6A}.Debug|x64.Deploy.0 = Debug|x64
		{3C1FBFA4-DAAA-4675-ACD6-A2873188AE6A}.Debug|x86.ActiveCfg = Debug|x86
		{3C1FBFA4-DAAA-4675-ACD6-A2873188AE6A}.Debug|x86.Build.0 = Debug|x86
		{3C1FBFA4-DAAA-4675-ACD6-A2873188AE6A}.Debug|x86.Deploy.0 = Debug|x86
		{3C1FBFA4-DAAA-4675-ACD6-A2873188AE6A}.Release|Any CPU.ActiveCfg = Release|x86
		{3C1FBFA4-DAAA-4675-ACD6-A2873188AE6A}.Release|ARM.ActiveCfg = Release|ARM
		{3C1FBFA4-DAAA-4675-ACD6-A2873188AE6A}.Release|ARM.Build.0 = Release|ARM
		{3C1FBFA4-DAAA-4675-ACD6-A2873188AE6A}.Release|ARM.Deploy.0 = Release|ARM
		{3C1FBFA4-DAAA-4675-ACD6-A2873188AE6A}.Release|iPhone.ActiveCfg = Release|x86
		{3C1FBFA4-DAAA-4675-ACD6-A2873188AE6A}.Release|iPhoneSimulator.ActiveCfg = Release|x86
		{3C1FBFA4-DAAA-4675-ACD6-A2873188AE6A}.Release|x64.ActiveCfg = Release|x64
		{3C1FBFA4-DAAA-4675-ACD6-A2873188AE6A}.Release|x64.Build.0 = Release|x64
		{3C1FBFA4-DAAA-4675-ACD6-A2873188AE6A}.Release|x64.Deploy.0 = Release|x64
		{3C1FBFA4-DAAA-4675-ACD6-A2873188AE6A}.Release|x86.ActiveCfg = Release|x86
		{3C1FBFA4-DAAA-4675-ACD6-A2873188AE6A}.Release|x86.Build.0 = Release|x86
		{3C1FBFA4-DAAA-4675-ACD6-A2873188AE6A}.Release|x86.Deploy.0 = Release|x86
		{59D5FCE0-40ED-4D95-8147-842EA9C377E3}.Ad-Hoc|Any CPU.ActiveCfg = Debug|Any CPU
		{59D5FCE0-40ED-4D95-8147-842EA9C377E3}.Ad-Hoc|Any CPU.Build.0 = Debug|Any CPU
		{59D5FCE0-40ED-4D95-8147-842EA9C377E3}.Ad-Hoc|ARM.ActiveCfg = Debug|Any CPU
		{59D5FCE0-40ED-4D95-8147-842EA9C377E3}.Ad-Hoc|ARM.Build.0 = Debug|Any CPU
		{59D5FCE0-40ED-4D95-8147-842EA9C377E3}.Ad-Hoc|iPhone.ActiveCfg = Debug|Any CPU
		{59D5FCE0-40ED-4D95-8147-842EA9C377E3}.Ad-Hoc|iPhone.Build.0 = Debug|Any CPU
		{59D5FCE0-40ED-4D95-8147-842EA9C377E3}.Ad-Hoc|iPhoneSimulator.ActiveCfg = Debug|Any CPU
		{59D5FCE0-40ED-4D95-8147-842EA9C377E3}.Ad-Hoc|iPhoneSimulator.Build.0 = Debug|Any CPU
		{59D5FCE0-40ED-4D95-8147-842EA9C377E3}.Ad-Hoc|x64.ActiveCfg = Debug|Any CPU
		{59D5FCE0-40ED-4D95-8147-842EA9C377E3}.Ad-Hoc|x64.Build.0 = Debug|Any CPU
		{59D5FCE0-40ED-4D95-8147-842EA9C377E3}.Ad-Hoc|x86.ActiveCfg = Debug|Any CPU
		{59D5FCE0-40ED-4D95-8147-842EA9C377E3}.Ad-Hoc|x86.Build.0 = Debug|Any CPU
		{59D5FCE0-40ED-4D95-8147-842EA9C377E3}.AppStore|Any CPU.ActiveCfg = Debug|Any CPU
		{59D5FCE0-40ED-4D95-8147-842EA9C377E3}.AppStore|Any CPU.Build.0 = Debug|Any CPU
		{59D5FCE0-40ED-4D95-8147-842EA9C377E3}.AppStore|ARM.ActiveCfg = Debug|Any CPU
		{59D5FCE0-40ED-4D95-8147-842EA9C377E3}.AppStore|ARM.Build.0 = Debug|Any CPU
		{59D5FCE0-40ED-4D95-8147-842EA9C377E3}.AppStore|iPhone.ActiveCfg = Debug|Any CPU
		{59D5FCE0-40ED-4D95-8147-842EA9C377E3}.AppStore|iPhone.Build.0 = Debug|Any CPU
		{59D5FCE0-40ED-4D95-8147-842EA9C377E3}.AppStore|iPhoneSimulator.ActiveCfg = Debug|Any CPU
		{59D5FCE0-40ED-4D95-8147-842EA9C377E3}.AppStore|iPhoneSimulator.Build.0 = Debug|Any CPU
		{59D5FCE0-40ED-4D95-8147-842EA9C377E3}.AppStore|x64.ActiveCfg = Debug|Any CPU
		{59D5FCE0-40ED-4D95-8147-842EA9C377E3}.AppStore|x64.Build.0 = Debug|Any CPU
		{59D5FCE0-40ED-4D95-8147-842EA9C377E3}.AppStore|x86.ActiveCfg = Debug|Any CPU
		{59D5FCE0-40ED-4D95-8147-842EA9C377E3}.AppStore|x86.Build.0 = Debug|Any CPU
		{59D5FCE0-40ED-4D95-8147-842EA9C377E3}.Debug|Any CPU.ActiveCfg = Debug|Any CPU
		{59D5FCE0-40ED-4D95-8147-842EA9C377E3}.Debug|Any CPU.Build.0 = Debug|Any CPU
		{59D5FCE0-40ED-4D95-8147-842EA9C377E3}.Debug|ARM.ActiveCfg = Debug|Any CPU
		{59D5FCE0-40ED-4D95-8147-842EA9C377E3}.Debug|ARM.Build.0 = Debug|Any CPU
		{59D5FCE0-40ED-4D95-8147-842EA9C377E3}.Debug|iPhone.ActiveCfg = Debug|Any CPU
		{59D5FCE0-40ED-4D95-8147-842EA9C377E3}.Debug|iPhone.Build.0 = Debug|Any CPU
		{59D5FCE0-40ED-4D95-8147-842EA9C377E3}.Debug|iPhoneSimulator.ActiveCfg = Debug|Any CPU
		{59D5FCE0-40ED-4D95-8147-842EA9C377E3}.Debug|iPhoneSimulator.Build.0 = Debug|Any CPU
		{59D5FCE0-40ED-4D95-8147-842EA9C377E3}.Debug|x64.ActiveCfg = Debug|Any CPU
		{59D5FCE0-40ED-4D95-8147-842EA9C377E3}.Debug|x64.Build.0 = Debug|Any CPU
		{59D5FCE0-40ED-4D95-8147-842EA9C377E3}.Debug|x86.ActiveCfg = Debug|Any CPU
		{59D5FCE0-40ED-4D95-8147-842EA9C377E3}.Debug|x86.Build.0 = Debug|Any CPU
		{59D5FCE0-40ED-4D95-8147-842EA9C377E3}.Release|Any CPU.ActiveCfg = Release|Any CPU
		{59D5FCE0-40ED-4D95-8147-842EA9C377E3}.Release|Any CPU.Build.0 = Release|Any CPU
		{59D5FCE0-40ED-4D95-8147-842EA9C377E3}.Release|ARM.ActiveCfg = Release|Any CPU
		{59D5FCE0-40ED-4D95-8147-842EA9C377E3}.Release|ARM.Build.0 = Release|Any CPU
		{59D5FCE0-40ED-4D95-8147-842EA9C377E3}.Release|iPhone.ActiveCfg = Release|Any CPU
		{59D5FCE0-40ED-4D95-8147-842EA9C377E3}.Release|iPhone.Build.0 = Release|Any CPU
		{59D5FCE0-40ED-4D95-8147-842EA9C377E3}.Release|iPhoneSimulator.ActiveCfg = Release|Any CPU
		{59D5FCE0-40ED-4D95-8147-842EA9C377E3}.Release|iPhoneSimulator.Build.0 = Release|Any CPU
		{59D5FCE0-40ED-4D95-8147-842EA9C377E3}.Release|x64.ActiveCfg = Release|Any CPU
		{59D5FCE0-40ED-4D95-8147-842EA9C377E3}.Release|x64.Build.0 = Release|Any CPU
		{59D5FCE0-40ED-4D95-8147-842EA9C377E3}.Release|x86.ActiveCfg = Release|Any CPU
		{59D5FCE0-40ED-4D95-8147-842EA9C377E3}.Release|x86.Build.0 = Release|Any CPU
	EndGlobalSection
	GlobalSection(SolutionProperties) = preSolution
		HideSolutionNode = FALSE
	EndGlobalSection
	GlobalSection(ExtensibilityGlobals) = postSolution
		SolutionGuid = {3283AB92-A9E7-45B4-AD02-15C839435C6A}
	EndGlobalSection
EndGlobal
